
Microsoft Visual Studio Solution File, Format Version 12.00
# Visual Studio Version 16
VisualStudioVersion = 16.0.29613.14
MinimumVisualStudioVersion = 10.0.40219.1
Project("{FAE04EC0-301F-11D3-BF4B-00C04F79EFBC}") = "TreadmillBridge", "TreadmillBridge\TreadmillBridge.csproj", "{40BE5FF5-FA60-4C9A-B4DE-8C6EBD5646CD}"
EndProject
Global
	GlobalSection(SolutionConfigurationPlatforms) = preSolution
		Debug|Any CPU = Debug|Any CPU
		Release|Any CPU = Release|Any CPU
	EndGlobalSection
	GlobalSection(ProjectConfigurationPlatforms) = postSolution
		{40BE5FF5-FA60-4C9A-B4DE-8C6EBD5646CD}.Debug|Any CPU.ActiveCfg = Debug|Any CPU
		{40BE5FF5-FA60-4C9A-B4DE-8C6EBD5646CD}.Debug|Any CPU.Build.0 = Debug|Any CPU
		{40BE5FF5-FA60-4C9A-B4DE-8C6EBD5646CD}.Release|Any CPU.ActiveCfg = Release|Any CPU
		{40BE5FF5-FA60-4C9A-B4DE-8C6EBD5646CD}.Release|Any CPU.Build.0 = Release|Any CPU
	EndGlobalSection
	GlobalSection(SolutionProperties) = preSolution
		HideSolutionNode = FALSE
	EndGlobalSection
	GlobalSection(ExtensibilityGlobals) = postSolution
		SolutionGuid = {10DDCEB5-C94B-465B-A0C8-11C22768EE0F}
	EndGlobalSection
EndGlobal
